
Microsoft Visual Studio Solution File, Format Version 12.00
# Visual Studio 15
VisualStudioVersion = 15.0.26403.7
MinimumVisualStudioVersion = 10.0.40219.1
Project("{FAE04EC0-301F-11D3-BF4B-00C04F79EFBC}") = "St.Host", "St.Host\St.Host.csproj", "{B9865DA1-674D-4F66-BFE8-4AF05B94C478}"
EndProject
Project("{FAE04EC0-301F-11D3-BF4B-00C04F79EFBC}") = "St.Common", "St.Common\St.Common.csproj", "{303508AF-7F6F-48A5-96E3-253312ED7D9A}"
EndProject
Project("{2150E333-8FDC-42A3-9474-1A3956D46DE8}") = "Modules", "Modules", "{154C5C1C-DFD8-4A7E-AB3A-52FB3681095E}"
EndProject
Project("{FAE04EC0-301F-11D3-BF4B-00C04F79EFBC}") = "St.Setting", "Modules\St.Setting\St.Setting.csproj", "{A580CA72-8990-424E-8035-B627485A9AE3}"
EndProject
Project("{FAE04EC0-301F-11D3-BF4B-00C04F79EFBC}") = "St.Profile", "Modules\St.Profile\St.Profile.csproj", "{671D47A7-D1D0-4657-BB0F-5EFE3549492D}"
EndProject
Project("{FAE04EC0-301F-11D3-BF4B-00C04F79EFBC}") = "St.InteractiveWithoutLive", "Modules\St.InteractiveWithoutLive\St.InteractiveWithoutLive.csproj", "{63E3B442-2692-47F1-A8B7-D734D1BCB6D9}"
EndProject
Project("{FAE04EC0-301F-11D3-BF4B-00C04F79EFBC}") = "St.Interactive", "Modules\St.Interactive\St.Interactive.csproj", "{404F6BCD-B51B-474F-B82B-D49724B9826C}"
EndProject
Project("{FAE04EC0-301F-11D3-BF4B-00C04F79EFBC}") = "St.Meeting", "Modules\St.Meeting\St.Meeting.csproj", "{50AC2C42-F7D2-4564-998A-75F3871A1D24}"
EndProject
Project("{FAE04EC0-301F-11D3-BF4B-00C04F79EFBC}") = "St.Core", "Modules\St.Core\St.Core.csproj", "{44995112-5CA2-43E5-898A-E256E844954F}"
EndProject
Project("{FAE04EC0-301F-11D3-BF4B-00C04F79EFBC}") = "St.Discussion", "Modules\St.Discussion\St.Discussion.csproj", "{683060FD-5C3C-41D8-83FB-76A4ED31AA08}"
EndProject
Project("{FAE04EC0-301F-11D3-BF4B-00C04F79EFBC}") = "St.InstantMeeting", "Modules\St.InstantMeeting\St.InstantMeeting.csproj", "{7833B5DF-18A0-497B-8832-830BA9F37457}"
EndProject
Project("{FAE04EC0-301F-11D3-BF4B-00C04F79EFBC}") = "St.RtClient", "Modules\St.RtClient\St.RtClient.csproj", "{FD67DADC-C5A0-47C7-A920-5DC1E2CA525B}"
EndProject
Project("{FAE04EC0-301F-11D3-BF4B-00C04F79EFBC}") = "St.CollaborativeInfo", "Modules\St.CollaborativeInfo\St.CollaborativeInfo.csproj", "{2EC9747F-21B9-48E7-BC28-C6E6303FE86D}"
EndProject
Project("{FAE04EC0-301F-11D3-BF4B-00C04F79EFBC}") = "St.RtClient", "St.RtClient\St.RtClient.csproj", "{06F1618A-57B8-414A-9FF0-E4494DE3B480}"
EndProject
Project("{FAE04EC0-301F-11D3-BF4B-00C04F79EFBC}") = "JsonConfig", "JsonConfig\JsonConfig.csproj", "{18B47204-1BC5-42ED-BB9E-07CC1310077E}"
EndProject
Project("{FAE04EC0-301F-11D3-BF4B-00C04F79EFBC}") = "St.CommandListener", "St.CommandListener\St.CommandListener.csproj", "{9B834D9A-DD26-4263-8458-85C3E0B542B6}"
EndProject
Global
	GlobalSection(SolutionConfigurationPlatforms) = preSolution
		Debug|Any CPU = Debug|Any CPU
		Release|Any CPU = Release|Any CPU
	EndGlobalSection
	GlobalSection(ProjectConfigurationPlatforms) = postSolution
		{B9865DA1-674D-4F66-BFE8-4AF05B94C478}.Debug|Any CPU.ActiveCfg = Debug|Any CPU
		{B9865DA1-674D-4F66-BFE8-4AF05B94C478}.Debug|Any CPU.Build.0 = Debug|Any CPU
		{B9865DA1-674D-4F66-BFE8-4AF05B94C478}.Release|Any CPU.ActiveCfg = Release|Any CPU
		{B9865DA1-674D-4F66-BFE8-4AF05B94C478}.Release|Any CPU.Build.0 = Release|Any CPU
		{303508AF-7F6F-48A5-96E3-253312ED7D9A}.Debug|Any CPU.ActiveCfg = Debug|Any CPU
		{303508AF-7F6F-48A5-96E3-253312ED7D9A}.Debug|Any CPU.Build.0 = Debug|Any CPU
		{303508AF-7F6F-48A5-96E3-253312ED7D9A}.Release|Any CPU.ActiveCfg = Release|Any CPU
		{303508AF-7F6F-48A5-96E3-253312ED7D9A}.Release|Any CPU.Build.0 = Release|Any CPU
		{A580CA72-8990-424E-8035-B627485A9AE3}.Debug|Any CPU.ActiveCfg = Debug|Any CPU
		{A580CA72-8990-424E-8035-B627485A9AE3}.Release|Any CPU.ActiveCfg = Release|Any CPU
		{A580CA72-8990-424E-8035-B627485A9AE3}.Release|Any CPU.Build.0 = Release|Any CPU
		{671D47A7-D1D0-4657-BB0F-5EFE3549492D}.Debug|Any CPU.ActiveCfg = Debug|Any CPU
		{671D47A7-D1D0-4657-BB0F-5EFE3549492D}.Release|Any CPU.ActiveCfg = Release|Any CPU
		{671D47A7-D1D0-4657-BB0F-5EFE3549492D}.Release|Any CPU.Build.0 = Release|Any CPU
		{63E3B442-2692-47F1-A8B7-D734D1BCB6D9}.Debug|Any CPU.ActiveCfg = Debug|Any CPU
		{63E3B442-2692-47F1-A8B7-D734D1BCB6D9}.Release|Any CPU.ActiveCfg = Release|Any CPU
		{63E3B442-2692-47F1-A8B7-D734D1BCB6D9}.Release|Any CPU.Build.0 = Release|Any CPU
		{404F6BCD-B51B-474F-B82B-D49724B9826C}.Debug|Any CPU.ActiveCfg = Debug|Any CPU
		{404F6BCD-B51B-474F-B82B-D49724B9826C}.Release|Any CPU.ActiveCfg = Release|Any CPU
		{404F6BCD-B51B-474F-B82B-D49724B9826C}.Release|Any CPU.Build.0 = Release|Any CPU
		{50AC2C42-F7D2-4564-998A-75F3871A1D24}.Debug|Any CPU.ActiveCfg = Debug|Any CPU
		{50AC2C42-F7D2-4564-998A-75F3871A1D24}.Release|Any CPU.ActiveCfg = Release|Any CPU
		{50AC2C42-F7D2-4564-998A-75F3871A1D24}.Release|Any CPU.Build.0 = Release|Any CPU
		{44995112-5CA2-43E5-898A-E256E844954F}.Debug|Any CPU.ActiveCfg = Debug|Any CPU
		{44995112-5CA2-43E5-898A-E256E844954F}.Debug|Any CPU.Build.0 = Debug|Any CPU
		{44995112-5CA2-43E5-898A-E256E844954F}.Release|Any CPU.ActiveCfg = Release|Any CPU
		{44995112-5CA2-43E5-898A-E256E844954F}.Release|Any CPU.Build.0 = Release|Any CPU
		{683060FD-5C3C-41D8-83FB-76A4ED31AA08}.Debug|Any CPU.ActiveCfg = Debug|Any CPU
		{683060FD-5C3C-41D8-83FB-76A4ED31AA08}.Release|Any CPU.ActiveCfg = Release|Any CPU
		{683060FD-5C3C-41D8-83FB-76A4ED31AA08}.Release|Any CPU.Build.0 = Release|Any CPU
		{7833B5DF-18A0-497B-8832-830BA9F37457}.Debug|Any CPU.ActiveCfg = Debug|Any CPU
		{7833B5DF-18A0-497B-8832-830BA9F37457}.Release|Any CPU.ActiveCfg = Release|Any CPU
		{7833B5DF-18A0-497B-8832-830BA9F37457}.Release|Any CPU.Build.0 = Release|Any CPU
		{FD67DADC-C5A0-47C7-A920-5DC1E2CA525B}.Debug|Any CPU.ActiveCfg = Debug|Any CPU
		{FD67DADC-C5A0-47C7-A920-5DC1E2CA525B}.Debug|Any CPU.Build.0 = Debug|Any CPU
		{FD67DADC-C5A0-47C7-A920-5DC1E2CA525B}.Release|Any CPU.ActiveCfg = Release|Any CPU
		{FD67DADC-C5A0-47C7-A920-5DC1E2CA525B}.Release|Any CPU.Build.0 = Release|Any CPU
		{2EC9747F-21B9-48E7-BC28-C6E6303FE86D}.Debug|Any CPU.ActiveCfg = Debug|Any CPU
		{2EC9747F-21B9-48E7-BC28-C6E6303FE86D}.Release|Any CPU.ActiveCfg = Release|Any CPU
		{2EC9747F-21B9-48E7-BC28-C6E6303FE86D}.Release|Any CPU.Build.0 = Release|Any CPU
		{06F1618A-57B8-414A-9FF0-E4494DE3B480}.Debug|Any CPU.ActiveCfg = Debug|Any CPU
		{06F1618A-57B8-414A-9FF0-E4494DE3B480}.Debug|Any CPU.Build.0 = Debug|Any CPU
		{06F1618A-57B8-414A-9FF0-E4494DE3B480}.Release|Any CPU.ActiveCfg = Release|Any CPU
		{06F1618A-57B8-414A-9FF0-E4494DE3B480}.Release|Any CPU.Build.0 = Release|Any CPU
		{18B47204-1BC5-42ED-BB9E-07CC1310077E}.Debug|Any CPU.ActiveCfg = Debug|Any CPU
		{18B47204-1BC5-42ED-BB9E-07CC1310077E}.Debug|Any CPU.Build.0 = Debug|Any CPU
		{18B47204-1BC5-42ED-BB9E-07CC1310077E}.Release|Any CPU.ActiveCfg = Release|Any CPU
		{18B47204-1BC5-42ED-BB9E-07CC1310077E}.Release|Any CPU.Build.0 = Release|Any CPU
		{9B834D9A-DD26-4263-8458-85C3E0B542B6}.Debug|Any CPU.ActiveCfg = Debug|Any CPU
		{9B834D9A-DD26-4263-8458-85C3E0B542B6}.Debug|Any CPU.Build.0 = Debug|Any CPU
		{9B834D9A-DD26-4263-8458-85C3E0B542B6}.Release|Any CPU.ActiveCfg = Release|Any CPU
		{9B834D9A-DD26-4263-8458-85C3E0B542B6}.Release|Any CPU.Build.0 = Release|Any CPU
	EndGlobalSection
	GlobalSection(SolutionProperties) = preSolution
		HideSolutionNode = FALSE
	EndGlobalSection
	GlobalSection(NestedProjects) = preSolution
		{A580CA72-8990-424E-8035-B627485A9AE3} = {154C5C1C-DFD8-4A7E-AB3A-52FB3681095E}
		{671D47A7-D1D0-4657-BB0F-5EFE3549492D} = {154C5C1C-DFD8-4A7E-AB3A-52FB3681095E}
		{63E3B442-2692-47F1-A8B7-D734D1BCB6D9} = {154C5C1C-DFD8-4A7E-AB3A-52FB3681095E}
		{404F6BCD-B51B-474F-B82B-D49724B9826C} = {154C5C1C-DFD8-4A7E-AB3A-52FB3681095E}
		{50AC2C42-F7D2-4564-998A-75F3871A1D24} = {154C5C1C-DFD8-4A7E-AB3A-52FB3681095E}
		{44995112-5CA2-43E5-898A-E256E844954F} = {154C5C1C-DFD8-4A7E-AB3A-52FB3681095E}
		{683060FD-5C3C-41D8-83FB-76A4ED31AA08} = {154C5C1C-DFD8-4A7E-AB3A-52FB3681095E}
		{7833B5DF-18A0-497B-8832-830BA9F37457} = {154C5C1C-DFD8-4A7E-AB3A-52FB3681095E}
		{FD67DADC-C5A0-47C7-A920-5DC1E2CA525B} = {154C5C1C-DFD8-4A7E-AB3A-52FB3681095E}
		{2EC9747F-21B9-48E7-BC28-C6E6303FE86D} = {154C5C1C-DFD8-4A7E-AB3A-52FB3681095E}
		{9B834D9A-DD26-4263-8458-85C3E0B542B6} = {154C5C1C-DFD8-4A7E-AB3A-52FB3681095E}
	EndGlobalSection
EndGlobal
